{
  "version": 4,
  "terraform_version": "1.4.6",
  "serial": 1,
  "lineage": "d32840b1-dc65-81e6-88a7-2dc343d5ab16",
  "outputs": {},
  "resources": [
    {
      "mode": "managed",
      "type": "local_file",
      "name": "myfile",
      "provider": "provider[\"registry.terraform.io/hashicorp/local\"]",
      "instances": [
        {
          "schema_version": 0,
          "attributes": {
            "content": "This is the content of my file using terraform",
            "content_base64": null,
            "content_base64sha256": "2cOMPSI+k3Ad2651tiKVobzF5FVBQvXUv0H/iv5eL7M=",
            "content_base64sha512": "047JCqFW25isqjxu1Js8LUaGdm7ACuSJXNIozyLOE+YKfhADI93nodgkc5QmGS7g03yGp926BkX9pUbnwg5Nig==",
            "content_md5": "c175341ae9e06bca4355683857dac87c",
            "content_sha1": "bd34518ba9fa6b439bc4bc104980bbc70c8bee7a",
            "content_sha256": "d9c38c3d223e93701ddbae75b62295a1bcc5e4554142f5d4bf41ff8afe5e2fb3",
            "content_sha512": "d38ec90aa156db98acaa3c6ed49b3c2d4686766ec00ae4895cd228cf22ce13e60a7e100323dde7a1d824739426192ee0d37c86a7ddba0645fda546e7c20e4d8a",
            "directory_permission": "0777",
            "file_permission": "0777",
            "filename": "myfile_txt",
            "id": "bd34518ba9fa6b439bc4bc104980bbc70c8bee7a",
            "sensitive_content": null,
            "source": null
          },
          "sensitive_attributes": []
        }
      ]
    }
  ],
  "check_results": null
}
